
Microsoft Visual Studio Solution File, Format Version 12.00
# Visual Studio Version 16
VisualStudioVersion = 16.0.32901.82
MinimumVisualStudioVersion = 10.0.40219.1
Project("{FAE04EC0-301F-11D3-BF4B-00C04F79EFBC}") = "G5_CASO2", "G5_CASO2\G5_CASO2.csproj", "{72EB4963-D40E-4CFF-8FDE-BA29A4C204CE}"
EndProject
Global
	GlobalSection(SolutionConfigurationPlatforms) = preSolution
		Debug|Any CPU = Debug|Any CPU
		Release|Any CPU = Release|Any CPU
	EndGlobalSection
	GlobalSection(ProjectConfigurationPlatforms) = postSolution
		{72EB4963-D40E-4CFF-8FDE-BA29A4C204CE}.Debug|Any CPU.ActiveCfg = Debug|Any CPU
		{72EB4963-D40E-4CFF-8FDE-BA29A4C204CE}.Debug|Any CPU.Build.0 = Debug|Any CPU
		{72EB4963-D40E-4CFF-8FDE-BA29A4C204CE}.Release|Any CPU.ActiveCfg = Release|Any CPU
		{72EB4963-D40E-4CFF-8FDE-BA29A4C204CE}.Release|Any CPU.Build.0 = Release|Any CPU
	EndGlobalSection
	GlobalSection(SolutionProperties) = preSolution
		HideSolutionNode = FALSE
	EndGlobalSection
	GlobalSection(ExtensibilityGlobals) = postSolution
		SolutionGuid = {73A2953A-4BC6-4BA8-8896-15B29CBA43BB}
	EndGlobalSection
EndGlobal
